PODS:
  - Realm (3.2.0-beta.3):
    - Realm/Headers (= 3.2.0-beta.3)
  - Realm/Headers (3.2.0-beta.3)
  - RealmSwift (3.2.0-beta.3):
    - Realm (= 3.2.0-beta.3)

DEPENDENCIES:
  - RealmSwift (~> 3.2.0-beta.3)

SPEC CHECKSUMS:
  Realm: 3fbc3ff1304ee1ff2e667463e4d167a6493bd25b
  RealmSwift: 89d30498adbc7d231617ffdb7c33ee3c2dcc9a40

PODFILE CHECKSUM: 02a2ddb2f097c6c1428ddbe8e20a4ed660751989

COCOAPODS: 1.4.0
