PODS:
  - Realm (3.2.0):
    - Realm/Headers (= 3.2.0)
  - Realm/Headers (3.2.0)
  - RealmSwift (3.2.0):
    - Realm (= 3.2.0)

DEPENDENCIES:
  - RealmSwift (~> 3.2.0)

SPEC CHECKSUMS:
  Realm: ae552b9b9eca3a12374a589fa842f220e286a80a
  RealmSwift: 05727129547dcab3fe828bd87bc30be903736b9c

PODFILE CHECKSUM: fc189d8a812114161576508cb8cee76afd3b95e5

COCOAPODS: 1.4.0
